// !$*UTF8*$!
{
	archiveVersion = 1;
	classes = {
	};
	objectVersion = 46;
	objects = {

/* Begin PBXBuildFile section */
		186161C21AB8C53000A7DECC /* allRecords.m in Sources */ = {isa = PBXBuildFile; fileRef = 186161C11AB8C53000A7DECC /* allRecords.m */; };
		18AEC24A1AB6985F009B3BE4 /* correct.wav in Resources */ = {isa = PBXBuildFile; fileRef = 18AEC2481AB6985F009B3BE4 /* correct.wav */; };
		18AEC24B1AB6985F009B3BE4 /* wrong.wav in Resources */ = {isa = PBXBuildFile; fileRef = 18AEC2491AB6985F009B3BE4 /* wrong.wav */; };
		18AED71E1AB7BD1300D4EA57 /* DatabaseInstance.m in Sources */ = {isa = PBXBuildFile; fileRef = 18AED71D1AB7BD1300D4EA57 /* DatabaseInstance.m */; };
		18B5A9FF1AB8119400276A99 /* userInfo.m in Sources */ = {isa = PBXBuildFile; fileRef = 18B5A9FE1AB8119400276A99 /* userInfo.m */; };
		84459CA9A62DF37680C34C3D /* libPods.a in Frameworks */ = {isa = PBXBuildFile; fileRef = 546C4310E47E4FD46DB759A6 /* libPods.a */; };
		CE23919E1AB66CD9002A08A1 /* NewUserInformationViewController.m in Sources */ = {isa = PBXBuildFile; fileRef = CE23919D1AB66CD9002A08A1 /* NewUserInformationViewController.m */; };
		CE249BE51AB6282700DE63A1 /* correct.png in Resources */ = {isa = PBXBuildFile; fileRef = CE249BE31AB6282700DE63A1 /* correct.png */; };
		CE249BE61AB6282700DE63A1 /* wrong.jpg in Resources */ = {isa = PBXBuildFile; fileRef = CE249BE41AB6282700DE63A1 /* wrong.jpg */; };
		CE449C5A1AB7DE220019CBF3 /* Main.storyboard in Resources */ = {isa = PBXBuildFile; fileRef = CE449C581AB7DE220019CBF3 /* Main.storyboard */; };
		CE449C601AB7E1DA0019CBF3 /* ResultsDisplayViewController.m in Sources */ = {isa = PBXBuildFile; fileRef = CE449C5F1AB7E1DA0019CBF3 /* ResultsDisplayViewController.m */; };
		CE449C631AB7E41C0019CBF3 /* LineChartResultsDisplayViewController.m in Sources */ = {isa = PBXBuildFile; fileRef = CE449C621AB7E41C0019CBF3 /* LineChartResultsDisplayViewController.m */; };
		CE449C651AB7E6C00019CBF3 /* EYE.png in Resources */ = {isa = PBXBuildFile; fileRef = CE449C641AB7E6C00019CBF3 /* EYE.png */; };
		CE449C6B1AB7FEB60019CBF3 /* ChangeUserViewController.m in Sources */ = {isa = PBXBuildFile; fileRef = CE449C6A1AB7FEB60019CBF3 /* ChangeUserViewController.m */; };
		CE449C701AB802530019CBF3 /* linechart.png in Resources */ = {isa = PBXBuildFile; fileRef = CE449C6F1AB802530019CBF3 /* linechart.png */; };
		CE64FB651A9EDA010000D1DA /* PopoverSettingsViewController.m in Sources */ = {isa = PBXBuildFile; fileRef = CE64FB641A9EDA010000D1DA /* PopoverSettingsViewController.m */; };
		CE64FB681A9EE06A0000D1DA /* WYPopoverController.m in Sources */ = {isa = PBXBuildFile; fileRef = CE64FB671A9EE06A0000D1DA /* WYPopoverController.m */; };
		CE64FB6A1A9EE07E0000D1DA /* QuartzCore.framework in Frameworks */ = {isa = PBXBuildFile; fileRef = CE64FB691A9EE07E0000D1DA /* QuartzCore.framework */; };
		CE64FB6D1A9EE5140000D1DA /* WYStoryboardPopoverSegue.m in Sources */ = {isa = PBXBuildFile; fileRef = CE64FB6C1A9EE5140000D1DA /* WYStoryboardPopoverSegue.m */; };
		CE7D367A1AB629FD002DE674 /* ViewController.m in Sources */ = {isa = PBXBuildFile; fileRef = CE7D36791AB629FD002DE674 /* ViewController.m */; };
		CE7D36811AB62A0E002DE674 /* AdjustDistanceViewController.m in Sources */ = {isa = PBXBuildFile; fileRef = CE7D367C1AB62A0E002DE674 /* AdjustDistanceViewController.m */; };
		CE7D36821AB62A0E002DE674 /* NewTestViewController.m in Sources */ = {isa = PBXBuildFile; fileRef = CE7D367E1AB62A0E002DE674 /* NewTestViewController.m */; };
		CEA1E2541A9DB07E004E3A9B /* CoreBluetooth.framework in Frameworks */ = {isa = PBXBuildFile; fileRef = CEA1E2531A9DB07E004E3A9B /* CoreBluetooth.framework */; };
		CEA1E2561A9DB086004E3A9B /* CoreLocation.framework in Frameworks */ = {isa = PBXBuildFile; fileRef = CEA1E2551A9DB086004E3A9B /* CoreLocation.framework */; };
		CEA1E2581A9DB091004E3A9B /* libz.dylib in Frameworks */ = {isa = PBXBuildFile; fileRef = CEA1E2571A9DB091004E3A9B /* libz.dylib */; };
		CEA1E25A1A9DB09A004E3A9B /* libsqlite3.dylib in Frameworks */ = {isa = PBXBuildFile; fileRef = CEA1E2591A9DB09A004E3A9B /* libsqlite3.dylib */; };
		CEA1E25C1A9DB0A3004E3A9B /* GLKit.framework in Frameworks */ = {isa = PBXBuildFile; fileRef = CEA1E25B1A9DB0A3004E3A9B /* GLKit.framework */; };
		CEA1E25E1A9DB0AA004E3A9B /* Accelerate.framework in Frameworks */ = {isa = PBXBuildFile; fileRef = CEA1E25D1A9DB0AA004E3A9B /* Accelerate.framework */; };
		CEA1E2601A9DB0B2004E3A9B /* SystemConfiguration.framework in Frameworks */ = {isa = PBXBuildFile; fileRef = CEA1E25F1A9DB0B2004E3A9B /* SystemConfiguration.framework */; };
		CEC7121A1AB6AA8900B1751E /* 0.png in Resources */ = {isa = PBXBuildFile; fileRef = CEC7120C1AB6AA8900B1751E /* 0.png */; };
		CEC7121B1AB6AA8900B1751E /* 1.png in Resources */ = {isa = PBXBuildFile; fileRef = CEC7120D1AB6AA8900B1751E /* 1.png */; };
		CEC7121C1AB6AA8900B1751E /* 2.png in Resources */ = {isa = PBXBuildFile; fileRef = CEC7120E1AB6AA8900B1751E /* 2.png */; };
		CEC7121D1AB6AA8900B1751E /* 3.png in Resources */ = {isa = PBXBuildFile; fileRef = CEC7120F1AB6AA8900B1751E /* 3.png */; };
		CEC7121E1AB6AA8900B1751E /* 4.png in Resources */ = {isa = PBXBuildFile; fileRef = CEC712101AB6AA8900B1751E /* 4.png */; };
		CEC7121F1AB6AA8900B1751E /* 5.png in Resources */ = {isa = PBXBuildFile; fileRef = CEC712111AB6AA8900B1751E /* 5.png */; };
		CEC712201AB6AA8900B1751E /* 6.png in Resources */ = {isa = PBXBuildFile; fileRef = CEC712121AB6AA8900B1751E /* 6.png */; };
		CEC712211AB6AA8900B1751E /* 7.png in Resources */ = {isa = PBXBuildFile; fileRef = CEC712131AB6AA8900B1751E /* 7.png */; };
		CEC712221AB6AA8900B1751E /* 8.png in Resources */ = {isa = PBXBuildFile; fileRef = CEC712141AB6AA8900B1751E /* 8.png */; };
		CEC712231AB6AA8900B1751E /* 9.png in Resources */ = {isa = PBXBuildFile; fileRef = CEC712151AB6AA8900B1751E /* 9.png */; };
		CEC712241AB6AA8900B1751E /* 10.png in Resources */ = {isa = PBXBuildFile; fileRef = CEC712161AB6AA8900B1751E /* 10.png */; };
		CEC712251AB6AA8900B1751E /* 11.png in Resources */ = {isa = PBXBuildFile; fileRef = CEC712171AB6AA8900B1751E /* 11.png */; };
		CEC712261AB6AA8900B1751E /* 12.png in Resources */ = {isa = PBXBuildFile; fileRef = CEC712181AB6AA8900B1751E /* 12.png */; };
		CEC712271AB6AA8900B1751E /* 13.png in Resources */ = {isa = PBXBuildFile; fileRef = CEC712191AB6AA8900B1751E /* 13.png */; };
		CEDF152A1A9D961F00CF8AC4 /* RadioButton.m in Sources */ = {isa = PBXBuildFile; fileRef = CEDF15291A9D961F00CF8AC4 /* RadioButton.m */; };
		CEDF152F1A9D962E00CF8AC4 /* checked.png in Resources */ = {isa = PBXBuildFile; fileRef = CEDF152B1A9D962E00CF8AC4 /* checked.png */; };
		CEDF15301A9D962E00CF8AC4 /* checked@2x.png in Resources */ = {isa = PBXBuildFile; fileRef = CEDF152C1A9D962E00CF8AC4 /* checked@2x.png */; };
		CEDF15311A9D962E00CF8AC4 /* unchecked.png in Resources */ = {isa = PBXBuildFile; fileRef = CEDF152D1A9D962E00CF8AC4 /* unchecked.png */; };
		CEDF15321A9D962E00CF8AC4 /* unchecked@2x.png in Resources */ = {isa = PBXBuildFile; fileRef = CEDF152E1A9D962E00CF8AC4 /* unchecked@2x.png */; };
		CEEC12201A9D8F99008FF50F /* main.m in Sources */ = {isa = PBXBuildFile; fileRef = CEEC121F1A9D8F99008FF50F /* main.m */; };
		CEEC12231A9D8F99008FF50F /* AppDelegate.m in Sources */ = {isa = PBXBuildFile; fileRef = CEEC12221A9D8F99008FF50F /* AppDelegate.m */; };
		CEEC122B1A9D8F99008FF50F /* Images.xcassets in Resources */ = {isa = PBXBuildFile; fileRef = CEEC122A1A9D8F99008FF50F /* Images.xcassets */; };
		CEEC123A1A9D8F99008FF50F /* EyeXamTests.m in Sources */ = {isa = PBXBuildFile; fileRef = CEEC12391A9D8F99008FF50F /* EyeXamTests.m */; };
/* End PBXBuildFile section */

/* Begin PBXContainerItemProxy section */
		CEEC12341A9D8F99008FF50F /* PBXContainerItemProxy */ = {
			isa = PBXContainerItemProxy;
			containerPortal = CEEC12121A9D8F99008FF50F /* Project object */;
			proxyType = 1;
			remoteGlobalIDString = CEEC12191A9D8F99008FF50F;
			remoteInfo = EyeXam;
		};
/* End PBXContainerItemProxy section */

/* Begin PBXFileReference section */
		186161C01AB8C53000A7DECC /* allRecords.h */ = {isa = PBXFileReference; fileEncoding = 4; lastKnownFileType = sourcecode.c.h; name = allRecords.h; path = "EyeXam/View Controller/allRecords.h"; sourceTree = "<group>"; };
		186161C11AB8C53000A7DECC /* allRecords.m */ = {isa = PBXFileReference; fileEncoding = 4; lastKnownFileType = sourcecode.c.objc; name = allRecords.m; path = "EyeXam/View Controller/allRecords.m"; sourceTree = "<group>"; };
		18AEC2481AB6985F009B3BE4 /* correct.wav */ = {isa = PBXFileReference; lastKnownFileType = audio.wav; name = correct.wav; path = SoundResource/correct.wav; sourceTree = "<group>"; };
		18AEC2491AB6985F009B3BE4 /* wrong.wav */ = {isa = PBXFileReference; lastKnownFileType = audio.wav; name = wrong.wav; path = SoundResource/wrong.wav; sourceTree = "<group>"; };
		18AED71C1AB7BD1300D4EA57 /* DatabaseInstance.h */ = {isa = PBXFileReference; fileEncoding = 4; lastKnownFileType = sourcecode.c.h; name = DatabaseInstance.h; path = "EyeXam/View Controller/DatabaseInstance.h"; sourceTree = "<group>"; };
		18AED71D1AB7BD1300D4EA57 /* DatabaseInstance.m */ = {isa = PBXFileReference; fileEncoding = 4; lastKnownFileType = sourcecode.c.objc; name = DatabaseInstance.m; path = "EyeXam/View Controller/DatabaseInstance.m"; sourceTree = "<group>"; };
		18B5A9FD1AB8119400276A99 /* userInfo.h */ = {isa = PBXFileReference; fileEncoding = 4; lastKnownFileType = sourcecode.c.h; name = userInfo.h; path = "EyeXam/View Controller/userInfo.h"; sourceTree = "<group>"; };
		18B5A9FE1AB8119400276A99 /* userInfo.m */ = {isa = PBXFileReference; fileEncoding = 4; lastKnownFileType = sourcecode.c.objc; name = userInfo.m; path = "EyeXam/View Controller/userInfo.m"; sourceTree = "<group>"; };
		546C4310E47E4FD46DB759A6 /* libPods.a */ = {isa = PBXFileReference; explicitFileType = archive.ar; includeInIndex = 0; path = libPods.a; sourceTree = BUILT_PRODUCTS_DIR; };
		95C1ECEC7B81085F6CEA6555 /* Pods.release.xcconfig */ = {isa = PBXFileReference; includeInIndex = 1; lastKnownFileType = text.xcconfig; name = Pods.release.xcconfig; path = "Pods/Target Support Files/Pods/Pods.release.xcconfig"; sourceTree = "<group>"; };
		CE23919C1AB66CD9002A08A1 /* NewUserInformationViewController.h */ = {isa = PBXFileReference; fileEncoding = 4; lastKnownFileType = sourcecode.c.h; name = NewUserInformationViewController.h; path = "EyeXam/View Controller/UserManagementVC/NewUserInformationViewController.h"; sourceTree = "<group>"; };
		CE23919D1AB66CD9002A08A1 /* NewUserInformationViewController.m */ = {isa = PBXFileReference; fileEncoding = 4; lastKnownFileType = sourcecode.c.objc; name = NewUserInformationViewController.m; path = "EyeXam/View Controller/UserManagementVC/NewUserInformationViewController.m"; sourceTree = "<group>"; };
		CE249BE31AB6282700DE63A1 /* correct.png */ = {isa = PBXFileReference; lastKnownFileType = image.png; name = correct.png; path = EyeXam/ImageResource/correct.png; sourceTree = "<group>"; };
		CE249BE41AB6282700DE63A1 /* wrong.jpg */ = {isa = PBXFileReference; lastKnownFileType = image.jpeg; name = wrong.jpg; path = EyeXam/ImageResource/wrong.jpg; sourceTree = "<group>"; };
		CE449C591AB7DE220019CBF3 /* Base */ = {isa = PBXFileReference; lastKnownFileType = file.storyboard; name = Base; path = Base.lproj/Main.storyboard; sourceTree = "<group>"; };
		CE449C5E1AB7E1DA0019CBF3 /* ResultsDisplayViewController.h */ = {isa = PBXFileReference; fileEncoding = 4; lastKnownFileType = sourcecode.c.h; name = ResultsDisplayViewController.h; path = "EyeXam/View Controller/UserManagementVC/ResultsDisplayViewController.h"; sourceTree = "<group>"; };
		CE449C5F1AB7E1DA0019CBF3 /* ResultsDisplayViewController.m */ = {isa = PBXFileReference; fileEncoding = 4; lastKnownFileType = sourcecode.c.objc; name = ResultsDisplayViewController.m; path = "EyeXam/View Controller/UserManagementVC/ResultsDisplayViewController.m"; sourceTree = "<group>"; };
		CE449C611AB7E41C0019CBF3 /* LineChartResultsDisplayViewController.h */ = {isa = PBXFileReference; fileEncoding = 4; lastKnownFileType = sourcecode.c.h; name = LineChartResultsDisplayViewController.h; path = "EyeXam/View Controller/UserManagementVC/LineChartResultsDisplayViewController.h"; sourceTree = "<group>"; };
		CE449C621AB7E41C0019CBF3 /* LineChartResultsDisplayViewController.m */ = {isa = PBXFileReference; fileEncoding = 4; lastKnownFileType = sourcecode.c.objc; name = LineChartResultsDisplayViewController.m; path = "EyeXam/View Controller/UserManagementVC/LineChartResultsDisplayViewController.m"; sourceTree = "<group>"; };
		CE449C641AB7E6C00019CBF3 /* EYE.png */ = {isa = PBXFileReference; lastKnownFileType = image.png; name = EYE.png; path = EyeXam/ImageResource/EYE.png; sourceTree = "<group>"; };
		CE449C691AB7FEB60019CBF3 /* ChangeUserViewController.h */ = {isa = PBXFileReference; fileEncoding = 4; lastKnownFileType = sourcecode.c.h; name = ChangeUserViewController.h; path = "EyeXam/View Controller/UserManagementVC/ChangeUserViewController.h"; sourceTree = "<group>"; };
		CE449C6A1AB7FEB60019CBF3 /* ChangeUserViewController.m */ = {isa = PBXFileReference; fileEncoding = 4; lastKnownFileType = sourcecode.c.objc; name = ChangeUserViewController.m; path = "EyeXam/View Controller/UserManagementVC/ChangeUserViewController.m"; sourceTree = "<group>"; };
		CE449C6F1AB802530019CBF3 /* linechart.png */ = {isa = PBXFileReference; lastKnownFileType = image.png; name = linechart.png; path = EyeXam/ImageResource/linechart.png; sourceTree = "<group>"; };
		CE64FB631A9EDA010000D1DA /* PopoverSettingsViewController.h */ = {isa = PBXFileReference; fileEncoding = 4; lastKnownFileType = sourcecode.c.h; name = PopoverSettingsViewController.h; path = "EyeXam/View Controller/PopoverViewController/PopoverSettingsViewController.h"; sourceTree = "<group>"; };
		CE64FB641A9EDA010000D1DA /* PopoverSettingsViewController.m */ = {isa = PBXFileReference; fileEncoding = 4; lastKnownFileType = sourcecode.c.objc; name = PopoverSettingsViewController.m; path = "EyeXam/View Controller/PopoverViewController/PopoverSettingsViewController.m"; sourceTree = "<group>"; };
		CE64FB661A9EE06A0000D1DA /* WYPopoverController.h */ = {isa = PBXFileReference; fileEncoding = 4; lastKnownFileType = sourcecode.c.h; name = WYPopoverController.h; path = "EyeXam/View Controller/PopoverViewController/WYPopoverController.h"; sourceTree = "<group>"; };
		CE64FB671A9EE06A0000D1DA /* WYPopoverController.m */ = {isa = PBXFileReference; fileEncoding = 4; lastKnownFileType = sourcecode.c.objc; name = WYPopoverController.m; path = "EyeXam/View Controller/PopoverViewController/WYPopoverController.m"; sourceTree = "<group>"; };
		CE64FB691A9EE07E0000D1DA /* QuartzCore.framework */ = {isa = PBXFileReference; lastKnownFileType = wrapper.framework; name = QuartzCore.framework; path = System/Library/Frameworks/QuartzCore.framework; sourceTree = SDKROOT; };
		CE64FB6B1A9EE5140000D1DA /* WYStoryboardPopoverSegue.h */ = {isa = PBXFileReference; fileEncoding = 4; lastKnownFileType = sourcecode.c.h; name = WYStoryboardPopoverSegue.h; path = "EyeXam/View Controller/PopoverViewController/WYStoryboardPopoverSegue.h"; sourceTree = "<group>"; };
		CE64FB6C1A9EE5140000D1DA /* WYStoryboardPopoverSegue.m */ = {isa = PBXFileReference; fileEncoding = 4; lastKnownFileType = sourcecode.c.objc; name = WYStoryboardPopoverSegue.m; path = "EyeXam/View Controller/PopoverViewController/WYStoryboardPopoverSegue.m"; sourceTree = "<group>"; };
		CE7D36781AB629FD002DE674 /* ViewController.h */ = {isa = PBXFileReference; fileEncoding = 4; lastKnownFileType = sourcecode.c.h; name = ViewController.h; path = "EyeXam/View Controller/ViewController.h"; sourceTree = "<group>"; };
		CE7D36791AB629FD002DE674 /* ViewController.m */ = {isa = PBXFileReference; fileEncoding = 4; lastKnownFileType = sourcecode.c.objc; name = ViewController.m; path = "EyeXam/View Controller/ViewController.m"; sourceTree = "<group>"; };
		CE7D367B1AB62A0E002DE674 /* AdjustDistanceViewController.h */ = {isa = PBXFileReference; fileEncoding = 4; lastKnownFileType = sourcecode.c.h; name = AdjustDistanceViewController.h; path = "EyeXam/View Controller/TestVC/AdjustDistanceViewController.h"; sourceTree = "<group>"; };
		CE7D367C1AB62A0E002DE674 /* AdjustDistanceViewController.m */ = {isa = PBXFileReference; fileEncoding = 4; lastKnownFileType = sourcecode.c.objc; name = AdjustDistanceViewController.m; path = "EyeXam/View Controller/TestVC/AdjustDistanceViewController.m"; sourceTree = "<group>"; };
		CE7D367D1AB62A0E002DE674 /* NewTestViewController.h */ = {isa = PBXFileReference; fileEncoding = 4; lastKnownFileType = sourcecode.c.h; name = NewTestViewController.h; path = "EyeXam/View Controller/TestVC/NewTestViewController.h"; sourceTree = "<group>"; };
		CE7D367E1AB62A0E002DE674 /* NewTestViewController.m */ = {isa = PBXFileReference; fileEncoding = 4; lastKnownFileType = sourcecode.c.objc; name = NewTestViewController.m; path = "EyeXam/View Controller/TestVC/NewTestViewController.m"; sourceTree = "<group>"; };
		CEA1E2531A9DB07E004E3A9B /* CoreBluetooth.framework */ = {isa = PBXFileReference; lastKnownFileType = wrapper.framework; name = CoreBluetooth.framework; path = System/Library/Frameworks/CoreBluetooth.framework; sourceTree = SDKROOT; };
		CEA1E2551A9DB086004E3A9B /* CoreLocation.framework */ = {isa = PBXFileReference; lastKnownFileType = wrapper.framework; name = CoreLocation.framework; path = System/Library/Frameworks/CoreLocation.framework; sourceTree = SDKROOT; };
		CEA1E2571A9DB091004E3A9B /* libz.dylib */ = {isa = PBXFileReference; lastKnownFileType = "compiled.mach-o.dylib"; name = libz.dylib; path = usr/lib/libz.dylib; sourceTree = SDKROOT; };
		CEA1E2591A9DB09A004E3A9B /* libsqlite3.dylib */ = {isa = PBXFileReference; lastKnownFileType = "compiled.mach-o.dylib"; name = libsqlite3.dylib; path = usr/lib/libsqlite3.dylib; sourceTree = SDKROOT; };
		CEA1E25B1A9DB0A3004E3A9B /* GLKit.framework */ = {isa = PBXFileReference; lastKnownFileType = wrapper.framework; name = GLKit.framework; path = System/Library/Frameworks/GLKit.framework; sourceTree = SDKROOT; };
		CEA1E25D1A9DB0AA004E3A9B /* Accelerate.framework */ = {isa = PBXFileReference; lastKnownFileType = wrapper.framework; name = Accelerate.framework; path = System/Library/Frameworks/Accelerate.framework; sourceTree = SDKROOT; };
		CEA1E25F1A9DB0B2004E3A9B /* SystemConfiguration.framework */ = {isa = PBXFileReference; lastKnownFileType = wrapper.framework; name = SystemConfiguration.framework; path = System/Library/Frameworks/SystemConfiguration.framework; sourceTree = SDKROOT; };
		CEC7120C1AB6AA8900B1751E /* 0.png */ = {isa = PBXFileReference; lastKnownFileType = image.png; name = 0.png; path = "EyeXam/ImageResource/E charaters/0.png"; sourceTree = "<group>"; };
		CEC7120D1AB6AA8900B1751E /* 1.png */ = {isa = PBXFileReference; lastKnownFileType = image.png; name = 1.png; path = "EyeXam/ImageResource/E charaters/1.png"; sourceTree = "<group>"; };
		CEC7120E1AB6AA8900B1751E /* 2.png */ = {isa = PBXFileReference; lastKnownFileType = image.png; name = 2.png; path = "EyeXam/ImageResource/E charaters/2.png"; sourceTree = "<group>"; };
		CEC7120F1AB6AA8900B1751E /* 3.png */ = {isa = PBXFileReference; lastKnownFileType = image.png; name = 3.png; path = "EyeXam/ImageResource/E charaters/3.png"; sourceTree = "<group>"; };
		CEC712101AB6AA8900B1751E /* 4.png */ = {isa = PBXFileReference; lastKnownFileType = image.png; name = 4.png; path = "EyeXam/ImageResource/E charaters/4.png"; sourceTree = "<group>"; };
		CEC712111AB6AA8900B1751E /* 5.png */ = {isa = PBXFileReference; lastKnownFileType = image.png; name = 5.png; path = "EyeXam/ImageResource/E charaters/5.png"; sourceTree = "<group>"; };
		CEC712121AB6AA8900B1751E /* 6.png */ = {isa = PBXFileReference; lastKnownFileType = image.png; name = 6.png; path = "EyeXam/ImageResource/E charaters/6.png"; sourceTree = "<group>"; };
		CEC712131AB6AA8900B1751E /* 7.png */ = {isa = PBXFileReference; lastKnownFileType = image.png; name = 7.png; path = "EyeXam/ImageResource/E charaters/7.png"; sourceTree = "<group>"; };
		CEC712141AB6AA8900B1751E /* 8.png */ = {isa = PBXFileReference; lastKnownFileType = image.png; name = 8.png; path = "EyeXam/ImageResource/E charaters/8.png"; sourceTree = "<group>"; };
		CEC712151AB6AA8900B1751E /* 9.png */ = {isa = PBXFileReference; lastKnownFileType = image.png; name = 9.png; path = "EyeXam/ImageResource/E charaters/9.png"; sourceTree = "<group>"; };
		CEC712161AB6AA8900B1751E /* 10.png */ = {isa = PBXFileReference; lastKnownFileType = image.png; name = 10.png; path = "EyeXam/ImageResource/E charaters/10.png"; sourceTree = "<group>"; };
		CEC712171AB6AA8900B1751E /* 11.png */ = {isa = PBXFileReference; lastKnownFileType = image.png; name = 11.png; path = "EyeXam/ImageResource/E charaters/11.png"; sourceTree = "<group>"; };
		CEC712181AB6AA8900B1751E /* 12.png */ = {isa = PBXFileReference; lastKnownFileType = image.png; name = 12.png; path = "EyeXam/ImageResource/E charaters/12.png"; sourceTree = "<group>"; };
		CEC712191AB6AA8900B1751E /* 13.png */ = {isa = PBXFileReference; lastKnownFileType = image.png; name = 13.png; path = "EyeXam/ImageResource/E charaters/13.png"; sourceTree = "<group>"; };
		CEDF15281A9D961F00CF8AC4 /* RadioButton.h */ = {isa = PBXFileReference; fileEncoding = 4; lastKnownFileType = sourcecode.c.h; name = RadioButton.h; path = EyeXam/Model/RadioButton/RadioButton.h; sourceTree = "<group>"; };
		CEDF15291A9D961F00CF8AC4 /* RadioButton.m */ = {isa = PBXFileReference; fileEncoding = 4; lastKnownFileType = sourcecode.c.objc; name = RadioButton.m; path = EyeXam/Model/RadioButton/RadioButton.m; sourceTree = "<group>"; };
		CEDF152B1A9D962E00CF8AC4 /* checked.png */ = {isa = PBXFileReference; lastKnownFileType = image.png; name = checked.png; path = "EyeXam/ImageResource/radio-res-ios/checked.png"; sourceTree = "<group>"; };
		CEDF152C1A9D962E00CF8AC4 /* checked@2x.png */ = {isa = PBXFileReference; lastKnownFileType = image.png; name = "checked@2x.png"; path = "EyeXam/ImageResource/radio-res-ios/checked@2x.png"; sourceTree = "<group>"; };
		CEDF152D1A9D962E00CF8AC4 /* unchecked.png */ = {isa = PBXFileReference; lastKnownFileType = image.png; name = unchecked.png; path = "EyeXam/ImageResource/radio-res-ios/unchecked.png"; sourceTree = "<group>"; };
		CEDF152E1A9D962E00CF8AC4 /* unchecked@2x.png */ = {isa = PBXFileReference; lastKnownFileType = image.png; name = "unchecked@2x.png"; path = "EyeXam/ImageResource/radio-res-ios/unchecked@2x.png"; sourceTree = "<group>"; };
		CEEC121A1A9D8F99008FF50F /* EyeXam.app */ = {isa = PBXFileReference; explicitFileType = wrapper.application; includeInIndex = 0; path = EyeXam.app; sourceTree = BUILT_PRODUCTS_DIR; };
		CEEC121E1A9D8F99008FF50F /* Info.plist */ = {isa = PBXFileReference; lastKnownFileType = text.plist.xml; path = Info.plist; sourceTree = "<group>"; };
		CEEC121F1A9D8F99008FF50F /* main.m */ = {isa = PBXFileReference; lastKnownFileType = sourcecode.c.objc; path = main.m; sourceTree = "<group>"; };
		CEEC12211A9D8F99008FF50F /* AppDelegate.h */ = {isa = PBXFileReference; lastKnownFileType = sourcecode.c.h; path = AppDelegate.h; sourceTree = "<group>"; };
		CEEC12221A9D8F99008FF50F /* AppDelegate.m */ = {isa = PBXFileReference; lastKnownFileType = sourcecode.c.objc; path = AppDelegate.m; sourceTree = "<group>"; };
		CEEC122A1A9D8F99008FF50F /* Images.xcassets */ = {isa = PBXFileReference; lastKnownFileType = folder.assetcatalog; path = Images.xcassets; sourceTree = "<group>"; };
		CEEC122D1A9D8F99008FF50F /* Base */ = {isa = PBXFileReference; lastKnownFileType = file.xib; name = Base; path = Base.lproj/LaunchScreen.xib; sourceTree = "<group>"; };
		CEEC12331A9D8F99008FF50F /* EyeXamTests.xctest */ = {isa = PBXFileReference; explicitFileType = wrapper.cfbundle; includeInIndex = 0; path = EyeXamTests.xctest; sourceTree = BUILT_PRODUCTS_DIR; };
		CEEC12381A9D8F99008FF50F /* Info.plist */ = {isa = PBXFileReference; lastKnownFileType = text.plist.xml; path = Info.plist; sourceTree = "<group>"; };
		CEEC12391A9D8F99008FF50F /* EyeXamTests.m */ = {isa = PBXFileReference; lastKnownFileType = sourcecode.c.objc; path = EyeXamTests.m; sourceTree = "<group>"; };
		DDDE810DC3982F04A479DA87 /* Pods.debug.xcconfig */ = {isa = PBXFileReference; includeInIndex = 1; lastKnownFileType = text.xcconfig; name = Pods.debug.xcconfig; path = "Pods/Target Support Files/Pods/Pods.debug.xcconfig"; sourceTree = "<group>"; };
/* End PBXFileReference section */

/* Begin PBXFrameworksBuildPhase section */
		CEEC12171A9D8F99008FF50F /* Frameworks */ = {
			isa = PBXFrameworksBuildPhase;
			buildActionMask = 2147483647;
			files = (
				CE64FB6A1A9EE07E0000D1DA /* QuartzCore.framework in Frameworks */,
				CEA1E2601A9DB0B2004E3A9B /* SystemConfiguration.framework in Frameworks */,
				CEA1E25E1A9DB0AA004E3A9B /* Accelerate.framework in Frameworks */,
				CEA1E25C1A9DB0A3004E3A9B /* GLKit.framework in Frameworks */,
				CEA1E25A1A9DB09A004E3A9B /* libsqlite3.dylib in Frameworks */,
				CEA1E2581A9DB091004E3A9B /* libz.dylib in Frameworks */,
				CEA1E2561A9DB086004E3A9B /* CoreLocation.framework in Frameworks */,
				CEA1E2541A9DB07E004E3A9B /* CoreBluetooth.framework in Frameworks */,
				84459CA9A62DF37680C34C3D /* libPods.a in Frameworks */,
			);
			runOnlyForDeploymentPostprocessing = 0;
		};
		CEEC12301A9D8F99008FF50F /* Frameworks */ = {
			isa = PBXFrameworksBuildPhase;
			buildActionMask = 2147483647;
			files = (
			);
			runOnlyForDeploymentPostprocessing = 0;
		};
/* End PBXFrameworksBuildPhase section */

/* Begin PBXGroup section */
		18AEC2471AB6982A009B3BE4 /* SoundResource */ = {
			isa = PBXGroup;
			children = (
				18AEC2481AB6985F009B3BE4 /* correct.wav */,
				18AEC2491AB6985F009B3BE4 /* wrong.wav */,
			);
			name = SoundResource;
			sourceTree = "<group>";
		};
		18AEC2891AB69D60009B3BE4 /* E characters */ = {
			isa = PBXGroup;
			children = (
				CEC7120C1AB6AA8900B1751E /* 0.png */,
				CEC7120D1AB6AA8900B1751E /* 1.png */,
				CEC7120E1AB6AA8900B1751E /* 2.png */,
				CEC7120F1AB6AA8900B1751E /* 3.png */,
				CEC712101AB6AA8900B1751E /* 4.png */,
				CEC712111AB6AA8900B1751E /* 5.png */,
				CEC712121AB6AA8900B1751E /* 6.png */,
				CEC712131AB6AA8900B1751E /* 7.png */,
				CEC712141AB6AA8900B1751E /* 8.png */,
				CEC712151AB6AA8900B1751E /* 9.png */,
				CEC712161AB6AA8900B1751E /* 10.png */,
				CEC712171AB6AA8900B1751E /* 11.png */,
				CEC712181AB6AA8900B1751E /* 12.png */,
				CEC712191AB6AA8900B1751E /* 13.png */,
			);
			name = "E characters";
			sourceTree = "<group>";
		};
		18AED71B1AB7BBA300D4EA57 /* DatabaseInstance */ = {
			isa = PBXGroup;
			children = (
				18AED71C1AB7BD1300D4EA57 /* DatabaseInstance.h */,
				18AED71D1AB7BD1300D4EA57 /* DatabaseInstance.m */,
				18B5A9FD1AB8119400276A99 /* userInfo.h */,
				18B5A9FE1AB8119400276A99 /* userInfo.m */,
				186161C01AB8C53000A7DECC /* allRecords.h */,
				186161C11AB8C53000A7DECC /* allRecords.m */,
			);
			name = DatabaseInstance;
			sourceTree = "<group>";
		};
		6386430147A1AE2853E18F97 /* Pods */ = {
			isa = PBXGroup;
			children = (
				DDDE810DC3982F04A479DA87 /* Pods.debug.xcconfig */,
				95C1ECEC7B81085F6CEA6555 /* Pods.release.xcconfig */,
			);
			name = Pods;
			sourceTree = "<group>";
		};
		CE64FB621A9ED8CF0000D1DA /* PopoverViewController */ = {
			isa = PBXGroup;
			children = (
				CE64FB6B1A9EE5140000D1DA /* WYStoryboardPopoverSegue.h */,
				CE64FB6C1A9EE5140000D1DA /* WYStoryboardPopoverSegue.m */,
				CE64FB661A9EE06A0000D1DA /* WYPopoverController.h */,
				CE64FB671A9EE06A0000D1DA /* WYPopoverController.m */,
				CE64FB631A9EDA010000D1DA /* PopoverSettingsViewController.h */,
				CE64FB641A9EDA010000D1DA /* PopoverSettingsViewController.m */,
			);
			name = PopoverViewController;
			sourceTree = "<group>";
		};
		CE7D36761AB629CC002DE674 /* TestVC */ = {
			isa = PBXGroup;
			children = (
				CE7D367B1AB62A0E002DE674 /* AdjustDistanceViewController.h */,
				CE7D367C1AB62A0E002DE674 /* AdjustDistanceViewController.m */,
				CE7D367D1AB62A0E002DE674 /* NewTestViewController.h */,
				CE7D367E1AB62A0E002DE674 /* NewTestViewController.m */,
			);
			name = TestVC;
			sourceTree = "<group>";
		};
		CE7D36771AB629D5002DE674 /* UserManagementVC */ = {
			isa = PBXGroup;
			children = (
				CE23919C1AB66CD9002A08A1 /* NewUserInformationViewController.h */,
				CE23919D1AB66CD9002A08A1 /* NewUserInformationViewController.m */,
				CE449C5E1AB7E1DA0019CBF3 /* ResultsDisplayViewController.h */,
				CE449C5F1AB7E1DA0019CBF3 /* ResultsDisplayViewController.m */,
				CE449C611AB7E41C0019CBF3 /* LineChartResultsDisplayViewController.h */,
				CE449C621AB7E41C0019CBF3 /* LineChartResultsDisplayViewController.m */,
				CE449C691AB7FEB60019CBF3 /* ChangeUserViewController.h */,
				CE449C6A1AB7FEB60019CBF3 /* ChangeUserViewController.m */,
			);
			name = UserManagementVC;
			sourceTree = "<group>";
		};
		CEDF15161A9D94A500CF8AC4 /* Model */ = {
			isa = PBXGroup;
			children = (
				CEDF15171A9D94B200CF8AC4 /* RadioButton */,
			);
			name = Model;
			path = ..;
			sourceTree = "<group>";
		};
		CEDF15171A9D94B200CF8AC4 /* RadioButton */ = {
			isa = PBXGroup;
			children = (
				CEDF15281A9D961F00CF8AC4 /* RadioButton.h */,
				CEDF15291A9D961F00CF8AC4 /* RadioButton.m */,
			);
			name = RadioButton;
			sourceTree = "<group>";
		};
		CEDF151E1A9D959100CF8AC4 /* ImageResource */ = {
			isa = PBXGroup;
			children = (
				18AEC2891AB69D60009B3BE4 /* E characters */,
				CE249BE31AB6282700DE63A1 /* correct.png */,
				CE249BE41AB6282700DE63A1 /* wrong.jpg */,
				CE449C641AB7E6C00019CBF3 /* EYE.png */,
				CE449C6F1AB802530019CBF3 /* linechart.png */,
				CEDF151F1A9D95AA00CF8AC4 /* radio-res-ios */,
			);
			name = ImageResource;
			path = ..;
			sourceTree = "<group>";
		};
		CEDF151F1A9D95AA00CF8AC4 /* radio-res-ios */ = {
			isa = PBXGroup;
			children = (
				CEDF152B1A9D962E00CF8AC4 /* checked.png */,
				CEDF152C1A9D962E00CF8AC4 /* checked@2x.png */,
				CEDF152D1A9D962E00CF8AC4 /* unchecked.png */,
				CEDF152E1A9D962E00CF8AC4 /* unchecked@2x.png */,
			);
			name = "radio-res-ios";
			sourceTree = "<group>";
		};
		CEDF15331A9D964500CF8AC4 /* View Controller */ = {
			isa = PBXGroup;
			children = (
				CE7D36781AB629FD002DE674 /* ViewController.h */,
				CE7D36791AB629FD002DE674 /* ViewController.m */,
				18AED71B1AB7BBA300D4EA57 /* DatabaseInstance */,
				CE7D36761AB629CC002DE674 /* TestVC */,
				CE7D36771AB629D5002DE674 /* UserManagementVC */,
				CE64FB621A9ED8CF0000D1DA /* PopoverViewController */,
			);
			name = "View Controller";
			path = ..;
			sourceTree = "<group>";
		};
		CEEC12111A9D8F99008FF50F = {
			isa = PBXGroup;
			children = (
				CEEC121C1A9D8F99008FF50F /* EyeXam */,
				CEEC12361A9D8F99008FF50F /* EyeXamTests */,
				CEEC121B1A9D8F99008FF50F /* Products */,
				6386430147A1AE2853E18F97 /* Pods */,
				E705B09E56A020AF24C95BC1 /* Frameworks */,
			);
			sourceTree = "<group>";
		};
		CEEC121B1A9D8F99008FF50F /* Products */ = {
			isa = PBXGroup;
			children = (
				CEEC121A1A9D8F99008FF50F /* EyeXam.app */,
				CEEC12331A9D8F99008FF50F /* EyeXamTests.xctest */,
			);
			name = Products;
			sourceTree = "<group>";
		};
		CEEC121C1A9D8F99008FF50F /* EyeXam */ = {
			isa = PBXGroup;
			children = (
				CE449C581AB7DE220019CBF3 /* Main.storyboard */,
				CEEC12211A9D8F99008FF50F /* AppDelegate.h */,
				CEEC12221A9D8F99008FF50F /* AppDelegate.m */,
				CEEC122A1A9D8F99008FF50F /* Images.xcassets */,
				CEEC122C1A9D8F99008FF50F /* LaunchScreen.xib */,
				CEDF15331A9D964500CF8AC4 /* View Controller */,
				CEDF15161A9D94A500CF8AC4 /* Model */,
				CEDF151E1A9D959100CF8AC4 /* ImageResource */,
				18AEC2471AB6982A009B3BE4 /* SoundResource */,
				CEEC121D1A9D8F99008FF50F /* Supporting Files */,
			);
			path = EyeXam;
			sourceTree = "<group>";
		};
		CEEC121D1A9D8F99008FF50F /* Supporting Files */ = {
			isa = PBXGroup;
			children = (
				CEEC121E1A9D8F99008FF50F /* Info.plist */,
				CEEC121F1A9D8F99008FF50F /* main.m */,
			);
			name = "Supporting Files";
			sourceTree = "<group>";
		};
		CEEC12361A9D8F99008FF50F /* EyeXamTests */ = {
			isa = PBXGroup;
			children = (
				CEEC12391A9D8F99008FF50F /* EyeXamTests.m */,
				CEEC12371A9D8F99008FF50F /* Supporting Files */,
			);
			path = EyeXamTests;
			sourceTree = "<group>";
		};
		CEEC12371A9D8F99008FF50F /* Supporting Files */ = {
			isa = PBXGroup;
			children = (
				CEEC12381A9D8F99008FF50F /* Info.plist */,
			);
			name = "Supporting Files";
			sourceTree = "<group>";
		};
		E705B09E56A020AF24C95BC1 /* Frameworks */ = {
			isa = PBXGroup;
			children = (
				CE64FB691A9EE07E0000D1DA /* QuartzCore.framework */,
				CEA1E25F1A9DB0B2004E3A9B /* SystemConfiguration.framework */,
				CEA1E25D1A9DB0AA004E3A9B /* Accelerate.framework */,
				CEA1E25B1A9DB0A3004E3A9B /* GLKit.framework */,
				CEA1E2591A9DB09A004E3A9B /* libsqlite3.dylib */,
				CEA1E2571A9DB091004E3A9B /* libz.dylib */,
				CEA1E2551A9DB086004E3A9B /* CoreLocation.framework */,
				CEA1E2531A9DB07E004E3A9B /* CoreBluetooth.framework */,
				546C4310E47E4FD46DB759A6 /* libPods.a */,
			);
			name = Frameworks;
			sourceTree = "<group>";
		};
/* End PBXGroup section */

/* Begin PBXNativeTarget section */
		CEEC12191A9D8F99008FF50F /* EyeXam */ = {
			isa = PBXNativeTarget;
			buildConfigurationList = CEEC123D1A9D8F99008FF50F /* Build configuration list for PBXNativeTarget "EyeXam" */;
			buildPhases = (
				56FD13FCF292C639E97EDD3B /* Check Pods Manifest.lock */,
				CEEC12161A9D8F99008FF50F /* Sources */,
				CEEC12171A9D8F99008FF50F /* Frameworks */,
				CEEC12181A9D8F99008FF50F /* Resources */,
				D58EAAEFBF5D9A9ABDCCF4A5 /* Copy Pods Resources */,
			);
			buildRules = (
			);
			dependencies = (
			);
			name = EyeXam;
			productName = EyeXam;
			productReference = CEEC121A1A9D8F99008FF50F /* EyeXam.app */;
			productType = "com.apple.product-type.application";
		};
		CEEC12321A9D8F99008FF50F /* EyeXamTests */ = {
			isa = PBXNativeTarget;
			buildConfigurationList = CEEC12401A9D8F99008FF50F /* Build configuration list for PBXNativeTarget "EyeXamTests" */;
			buildPhases = (
				CEEC122F1A9D8F99008FF50F /* Sources */,
				CEEC12301A9D8F99008FF50F /* Frameworks */,
				CEEC12311A9D8F99008FF50F /* Resources */,
			);
			buildRules = (
			);
			dependencies = (
				CEEC12351A9D8F99008FF50F /* PBXTargetDependency */,
			);
			name = EyeXamTests;
			productName = EyeXamTests;
			productReference = CEEC12331A9D8F99008FF50F /* EyeXamTests.xctest */;
			productType = "com.apple.product-type.bundle.unit-test";
		};
/* End PBXNativeTarget section */

/* Begin PBXProject section */
		CEEC12121A9D8F99008FF50F /* Project object */ = {
			isa = PBXProject;
			attributes = {
				LastUpgradeCheck = 0610;
				ORGANIZATIONNAME = "University of Toronro";
				TargetAttributes = {
					CEEC12191A9D8F99008FF50F = {
						CreatedOnToolsVersion = 6.1.1;
					};
					CEEC12321A9D8F99008FF50F = {
						CreatedOnToolsVersion = 6.1.1;
						TestTargetID = CEEC12191A9D8F99008FF50F;
					};
				};
			};
			buildConfigurationList = CEEC12151A9D8F99008FF50F /* Build configuration list for PBXProject "EyeXam" */;
			compatibilityVersion = "Xcode 3.2";
			developmentRegion = English;
			hasScannedForEncodings = 0;
			knownRegions = (
				en,
				Base,
			);
			mainGroup = CEEC12111A9D8F99008FF50F;
			productRefGroup = CEEC121B1A9D8F99008FF50F /* Products */;
			projectDirPath = "";
			projectRoot = "";
			targets = (
				CEEC12191A9D8F99008FF50F /* EyeXam */,
				CEEC12321A9D8F99008FF50F /* EyeXamTests */,
			);
		};
/* End PBXProject section */

/* Begin PBXResourcesBuildPhase section */
		CEEC12181A9D8F99008FF50F /* Resources */ = {
			isa = PBXResourcesBuildPhase;
			buildActionMask = 2147483647;
			files = (
				CE449C701AB802530019CBF3 /* linechart.png in Resources */,
				CEC7121B1AB6AA8900B1751E /* 1.png in Resources */,
				CE249BE51AB6282700DE63A1 /* correct.png in Resources */,
				CEDF15301A9D962E00CF8AC4 /* checked@2x.png in Resources */,
				CE449C5A1AB7DE220019CBF3 /* Main.storyboard in Resources */,
				CEDF152F1A9D962E00CF8AC4 /* checked.png in Resources */,
				CEDF15321A9D962E00CF8AC4 /* unchecked@2x.png in Resources */,
				18AEC24B1AB6985F009B3BE4 /* wrong.wav in Resources */,
				CEC712221AB6AA8900B1751E /* 8.png in Resources */,
				CEC712271AB6AA8900B1751E /* 13.png in Resources */,
				CEC7121F1AB6AA8900B1751E /* 5.png in Resources */,
				CEC712261AB6AA8900B1751E /* 12.png in Resources */,
				CEC712211AB6AA8900B1751E /* 7.png in Resources */,
				CEC7121C1AB6AA8900B1751E /* 2.png in Resources */,
				CEC712241AB6AA8900B1751E /* 10.png in Resources */,
				18AEC24A1AB6985F009B3BE4 /* correct.wav in Resources */,
				CEC7121E1AB6AA8900B1751E /* 4.png in Resources */,
				CEC7121D1AB6AA8900B1751E /* 3.png in Resources */,
				CEC7121A1AB6AA8900B1751E /* 0.png in Resources */,
				CE449C651AB7E6C00019CBF3 /* EYE.png in Resources */,
				CEDF15311A9D962E00CF8AC4 /* unchecked.png in Resources */,
				CEC712231AB6AA8900B1751E /* 9.png in Resources */,
				CEEC122B1A9D8F99008FF50F /* Images.xcassets in Resources */,
				CEC712201AB6AA8900B1751E /* 6.png in Resources */,
				CEC712251AB6AA8900B1751E /* 11.png in Resources */,
				CE249BE61AB6282700DE63A1 /* wrong.jpg in Resources */,
			);
			runOnlyForDeploymentPostprocessing = 0;
		};
		CEEC12311A9D8F99008FF50F /* Resources */ = {
			isa = PBXResourcesBuildPhase;
			buildActionMask = 2147483647;
			files = (
			);
			runOnlyForDeploymentPostprocessing = 0;
		};
/* End PBXResourcesBuildPhase section */

/* Begin PBXShellScriptBuildPhase section */
		56FD13FCF292C639E97EDD3B /* Check Pods Manifest.lock */ = {
			isa = PBXShellScriptBuildPhase;
			buildActionMask = 2147483647;
			files = (
			);
			inputPaths = (
			);
			name = "Check Pods Manifest.lock";
			outputPaths = (
			);
			runOnlyForDeploymentPostprocessing = 0;
			shellPath = /bin/sh;
			shellScript = "diff \"${PODS_ROOT}/../Podfile.lock\" \"${PODS_ROOT}/Manifest.lock\" > /dev/null\nif [[ $? != 0 ]] ; then\n    cat << EOM\nerror: The sandbox is not in sync with the Podfile.lock. Run 'pod install' or update your CocoaPods installation.\nEOM\n    exit 1\nfi\n";
			showEnvVarsInLog = 0;
		};
		D58EAAEFBF5D9A9ABDCCF4A5 /* Copy Pods Resources */ = {
			isa = PBXShellScriptBuildPhase;
			buildActionMask = 2147483647;
			files = (
			);
			inputPaths = (
			);
			name = "Copy Pods Resources";
			outputPaths = (
			);
			runOnlyForDeploymentPostprocessing = 0;
			shellPath = /bin/sh;
			shellScript = "\"${SRCROOT}/Pods/Target Support Files/Pods/Pods-resources.sh\"\n";
			showEnvVarsInLog = 0;
		};
/* End PBXShellScriptBuildPhase section */

/* Begin PBXSourcesBuildPhase section */
		CEEC12161A9D8F99008FF50F /* Sources */ = {
			isa = PBXSourcesBuildPhase;
			buildActionMask = 2147483647;
			files = (
				CE7D36811AB62A0E002DE674 /* AdjustDistanceViewController.m in Sources */,
				CE449C6B1AB7FEB60019CBF3 /* ChangeUserViewController.m in Sources */,
				186161C21AB8C53000A7DECC /* allRecords.m in Sources */,
				CEEC12231A9D8F99008FF50F /* AppDelegate.m in Sources */,
				18AED71E1AB7BD1300D4EA57 /* DatabaseInstance.m in Sources */,
				CE7D36821AB62A0E002DE674 /* NewTestViewController.m in Sources */,
				CE449C601AB7E1DA0019CBF3 /* ResultsDisplayViewController.m in Sources */,
				CE7D367A1AB629FD002DE674 /* ViewController.m in Sources */,
				CE23919E1AB66CD9002A08A1 /* NewUserInformationViewController.m in Sources */,
				CE64FB651A9EDA010000D1DA /* PopoverSettingsViewController.m in Sources */,
				CEEC12201A9D8F99008FF50F /* main.m in Sources */,
				18B5A9FF1AB8119400276A99 /* userInfo.m in Sources */,
				CEDF152A1A9D961F00CF8AC4 /* RadioButton.m in Sources */,
				CE64FB681A9EE06A0000D1DA /* WYPopoverController.m in Sources */,
				CE64FB6D1A9EE5140000D1DA /* WYStoryboardPopoverSegue.m in Sources */,
				CE449C631AB7E41C0019CBF3 /* LineChartResultsDisplayViewController.m in Sources */,
			);
			runOnlyForDeploymentPostprocessing = 0;
		};
		CEEC122F1A9D8F99008FF50F /* Sources */ = {
			isa = PBXSourcesBuildPhase;
			buildActionMask = 2147483647;
			files = (
				CEEC123A1A9D8F99008FF50F /* EyeXamTests.m in Sources */,
			);
			runOnlyForDeploymentPostprocessing = 0;
		};
/* End PBXSourcesBuildPhase section */

/* Begin PBXTargetDependency section */
		CEEC12351A9D8F99008FF50F /* PBXTargetDependency */ = {
			isa = PBXTargetDependency;
			target = CEEC12191A9D8F99008FF50F /* EyeXam */;
			targetProxy = CEEC12341A9D8F99008FF50F /* PBXContainerItemProxy */;
		};
/* End PBXTargetDependency section */

/* Begin PBXVariantGroup section */
		CE449C581AB7DE220019CBF3 /* Main.storyboard */ = {
			isa = PBXVariantGroup;
			children = (
				CE449C591AB7DE220019CBF3 /* Base */,
			);
			name = Main.storyboard;
			sourceTree = "<group>";
		};
		CEEC122C1A9D8F99008FF50F /* LaunchScreen.xib */ = {
			isa = PBXVariantGroup;
			children = (
				CEEC122D1A9D8F99008FF50F /* Base */,
			);
			name = LaunchScreen.xib;
			sourceTree = "<group>";
		};
/* End PBXVariantGroup section */

/* Begin XCBuildConfiguration section */
		CEEC123B1A9D8F99008FF50F /* Debug */ = {
			isa = XCBuildConfiguration;
			buildSettings = {
				ALWAYS_SEARCH_USER_PATHS = NO;
				CLANG_CXX_LANGUAGE_STANDARD = "gnu++0x";
				CLANG_CXX_LIBRARY = "libc++";
				CLANG_ENABLE_MODULES = YES;
				CLANG_ENABLE_OBJC_ARC = YES;
				CLANG_WARN_BOOL_CONVERSION = YES;
				CLANG_WARN_CONSTANT_CONVERSION = YES;
				CLANG_WARN_DIRECT_OBJC_ISA_USAGE = YES_ERROR;
				CLANG_WARN_EMPTY_BODY = YES;
				CLANG_WARN_ENUM_CONVERSION = YES;
				CLANG_WARN_INT_CONVERSION = YES;
				CLANG_WARN_OBJC_ROOT_CLASS = YES_ERROR;
				CLANG_WARN_UNREACHABLE_CODE = YES;
				CLANG_WARN__DUPLICATE_METHOD_MATCH = YES;
				"CODE_SIGN_IDENTITY[sdk=iphoneos*]" = "iPhone Developer";
				COPY_PHASE_STRIP = NO;
				ENABLE_STRICT_OBJC_MSGSEND = YES;
				GCC_C_LANGUAGE_STANDARD = gnu99;
				GCC_DYNAMIC_NO_PIC = NO;
				GCC_OPTIMIZATION_LEVEL = 0;
				GCC_PREPROCESSOR_DEFINITIONS = (
					"DEBUG=1",
					"$(inherited)",
				);
				GCC_SYMBOLS_PRIVATE_EXTERN = NO;
				GCC_WARN_64_TO_32_BIT_CONVERSION = YES;
				GCC_WARN_ABOUT_RETURN_TYPE = YES_ERROR;
				GCC_WARN_UNDECLARED_SELECTOR = YES;
				GCC_WARN_UNINITIALIZED_AUTOS = YES_AGGRESSIVE;
				GCC_WARN_UNUSED_FUNCTION = YES;
				GCC_WARN_UNUSED_VARIABLE = YES;
				IPHONEOS_DEPLOYMENT_TARGET = 8.2;
				MTL_ENABLE_DEBUG_INFO = YES;
				ONLY_ACTIVE_ARCH = YES;
				SDKROOT = iphoneos;
				TARGETED_DEVICE_FAMILY = 2;
			};
			name = Debug;
		};
		CEEC123C1A9D8F99008FF50F /* Release */ = {
			isa = XCBuildConfiguration;
			buildSettings = {
				ALWAYS_SEARCH_USER_PATHS = NO;
				CLANG_CXX_LANGUAGE_STANDARD = "gnu++0x";
				CLANG_CXX_LIBRARY = "libc++";
				CLANG_ENABLE_MODULES = YES;
				CLANG_ENABLE_OBJC_ARC = YES;
				CLANG_WARN_BOOL_CONVERSION = YES;
				CLANG_WARN_CONSTANT_CONVERSION = YES;
				CLANG_WARN_DIRECT_OBJC_ISA_USAGE = YES_ERROR;
				CLANG_WARN_EMPTY_BODY = YES;
				CLANG_WARN_ENUM_CONVERSION = YES;
				CLANG_WARN_INT_CONVERSION = YES;
				CLANG_WARN_OBJC_ROOT_CLASS = YES_ERROR;
				CLANG_WARN_UNREACHABLE_CODE = YES;
				CLANG_WARN__DUPLICATE_METHOD_MATCH = YES;
				"CODE_SIGN_IDENTITY[sdk=iphoneos*]" = "iPhone Developer";
				COPY_PHASE_STRIP = YES;
				ENABLE_NS_ASSERTIONS = NO;
				ENABLE_STRICT_OBJC_MSGSEND = YES;
				GCC_C_LANGUAGE_STANDARD = gnu99;
				GCC_WARN_64_TO_32_BIT_CONVERSION = YES;
				GCC_WARN_ABOUT_RETURN_TYPE = YES_ERROR;
				GCC_WARN_UNDECLARED_SELECTOR = YES;
				GCC_WARN_UNINITIALIZED_AUTOS = YES_AGGRESSIVE;
				GCC_WARN_UNUSED_FUNCTION = YES;
				GCC_WARN_UNUSED_VARIABLE = YES;
				IPHONEOS_DEPLOYMENT_TARGET = 8.2;
				MTL_ENABLE_DEBUG_INFO = NO;
				SDKROOT = iphoneos;
				TARGETED_DEVICE_FAMILY = 2;
				VALIDATE_PRODUCT = YES;
			};
			name = Release;
		};
		CEEC123E1A9D8F99008FF50F /* Debug */ = {
			isa = XCBuildConfiguration;
			baseConfigurationReference = DDDE810DC3982F04A479DA87 /* Pods.debug.xcconfig */;
			buildSettings = {
				ASSETCATALOG_COMPILER_APPICON_NAME = AppIcon;
				INFOPLIST_FILE = EyeXam/Info.plist;
				IPHONEOS_DEPLOYMENT_TARGET = 8.2;
				LD_RUNPATH_SEARCH_PATHS = "$(inherited) @executable_path/Frameworks";
				PRODUCT_NAME = "$(TARGET_NAME)";
				TARGETED_DEVICE_FAMILY = 2;
			};
			name = Debug;
		};
		CEEC123F1A9D8F99008FF50F /* Release */ = {
			isa = XCBuildConfiguration;
			baseConfigurationReference = 95C1ECEC7B81085F6CEA6555 /* Pods.release.xcconfig */;
			buildSettings = {
				ASSETCATALOG_COMPILER_APPICON_NAME = AppIcon;
				INFOPLIST_FILE = EyeXam/Info.plist;
				IPHONEOS_DEPLOYMENT_TARGET = 8.2;
				LD_RUNPATH_SEARCH_PATHS = "$(inherited) @executable_path/Frameworks";
				PRODUCT_NAME = "$(TARGET_NAME)";
				TARGETED_DEVICE_FAMILY = 2;
			};
			name = Release;
		};
		CEEC12411A9D8F99008FF50F /* Debug */ = {
			isa = XCBuildConfiguration;
			buildSettings = {
				BUNDLE_LOADER = "$(TEST_HOST)";
				FRAMEWORK_SEARCH_PATHS = (
					"$(SDKROOT)/Developer/Library/Frameworks",
					"$(inherited)",
				);
				GCC_PREPROCESSOR_DEFINITIONS = (
					"DEBUG=1",
					"$(inherited)",
				);
				INFOPLIST_FILE = EyeXamTests/Info.plist;
				LD_RUNPATH_SEARCH_PATHS = "$(inherited) @executable_path/Frameworks @loader_path/Frameworks";
				PRODUCT_NAME = "$(TARGET_NAME)";
				TEST_HOST = "$(BUILT_PRODUCTS_DIR)/EyeXam.app/EyeXam";
			};
			name = Debug;
		};
		CEEC12421A9D8F99008FF50F /* Release */ = {
			isa = XCBuildConfiguration;
			buildSettings = {
				BUNDLE_LOADER = "$(TEST_HOST)";
				FRAMEWORK_SEARCH_PATHS = (
					"$(SDKROOT)/Developer/Library/Frameworks",
					"$(inherited)",
				);
				INFOPLIST_FILE = EyeXamTests/Info.plist;
				LD_RUNPATH_SEARCH_PATHS = "$(inherited) @executable_path/Frameworks @loader_path/Frameworks";
				PRODUCT_NAME = "$(TARGET_NAME)";
				TEST_HOST = "$(BUILT_PRODUCTS_DIR)/EyeXam.app/EyeXam";
			};
			name = Release;
		};
/* End XCBuildConfiguration section */

/* Begin XCConfigurationList section */
		CEEC12151A9D8F99008FF50F /* Build configuration list for PBXProject "EyeXam" */ = {
			isa = XCConfigurationList;
			buildConfigurations = (
				CEEC123B1A9D8F99008FF50F /* Debug */,
				CEEC123C1A9D8F99008FF50F /* Release */,
			);
			defaultConfigurationIsVisible = 0;
			defaultConfigurationName = Release;
		};
		CEEC123D1A9D8F99008FF50F /* Build configuration list for PBXNativeTarget "EyeXam" */ = {
			isa = XCConfigurationList;
			buildConfigurations = (
				CEEC123E1A9D8F99008FF50F /* Debug */,
				CEEC123F1A9D8F99008FF50F /* Release */,
			);
			defaultConfigurationIsVisible = 0;
			defaultConfigurationName = Release;
		};
		CEEC12401A9D8F99008FF50F /* Build configuration list for PBXNativeTarget "EyeXamTests" */ = {
			isa = XCConfigurationList;
			buildConfigurations = (
				CEEC12411A9D8F99008FF50F /* Debug */,
				CEEC12421A9D8F99008FF50F /* Release */,
			);
			defaultConfigurationIsVisible = 0;
			defaultConfigurationName = Release;
		};
/* End XCConfigurationList section */
	};
	rootObject = CEEC12121A9D8F99008FF50F /* Project object */;
}
